
Microsoft Visual Studio Solution File, Format Version 12.00
# Visual Studio Version 17
VisualStudioVersion = 17.14.36717.8 d17.14
MinimumVisualStudioVersion = 10.0.40219.1
Project("{FAE04EC0-301F-11D3-BF4B-00C04F79EFBC}") = "FinderStore.Backend.API", "FinderStore.Backend.API\FinderStore.Backend.API.csproj", "{53A0DE42-2FE8-4730-90CC-DF5A50CD8A0D}"
EndProject
Project("{FAE04EC0-301F-11D3-BF4B-00C04F79EFBC}") = "FinderStore.Backend.Infrastructure", "FinderStore.Backend.Infrastructure\FinderStore.Backend.Infrastructure.csproj", "{B953E2A1-64C1-415C-8B42-E604DA04EF83}"
EndProject
Project("{FAE04EC0-301F-11D3-BF4B-00C04F79EFBC}") = "FinderStore.Backend.Domain", "FinderStore.Backend.Domain\FinderStore.Backend.Domain.csproj", "{ED337150-D0FF-4EA0-840C-0FBF2B95F99C}"
EndProject
Project("{FAE04EC0-301F-11D3-BF4B-00C04F79EFBC}") = "FinderStore.Backend.Application", "FinderStore.Backend.Application\FinderStore.Backend.Application.csproj", "{D7D9AD0B-CF6E-4034-926F-B54DCD4B89ED}"
EndProject
Global
	GlobalSection(SolutionConfigurationPlatforms) = preSolution
		Debug|Any CPU = Debug|Any CPU
		Release|Any CPU = Release|Any CPU
	EndGlobalSection
	GlobalSection(ProjectConfigurationPlatforms) = postSolution
		{53A0DE42-2FE8-4730-90CC-DF5A50CD8A0D}.Debug|Any CPU.ActiveCfg = Debug|Any CPU
		{53A0DE42-2FE8-4730-90CC-DF5A50CD8A0D}.Debug|Any CPU.Build.0 = Debug|Any CPU
		{53A0DE42-2FE8-4730-90CC-DF5A50CD8A0D}.Release|Any CPU.ActiveCfg = Release|Any CPU
		{53A0DE42-2FE8-4730-90CC-DF5A50CD8A0D}.Release|Any CPU.Build.0 = Release|Any CPU
		{B953E2A1-64C1-415C-8B42-E604DA04EF83}.Debug|Any CPU.ActiveCfg = Debug|Any CPU
		{B953E2A1-64C1-415C-8B42-E604DA04EF83}.Debug|Any CPU.Build.0 = Debug|Any CPU
		{B953E2A1-64C1-415C-8B42-E604DA04EF83}.Release|Any CPU.ActiveCfg = Release|Any CPU
		{B953E2A1-64C1-415C-8B42-E604DA04EF83}.Release|Any CPU.Build.0 = Release|Any CPU
		{ED337150-D0FF-4EA0-840C-0FBF2B95F99C}.Debug|Any CPU.ActiveCfg = Debug|Any CPU
		{ED337150-D0FF-4EA0-840C-0FBF2B95F99C}.Debug|Any CPU.Build.0 = Debug|Any CPU
		{ED337150-D0FF-4EA0-840C-0FBF2B95F99C}.Release|Any CPU.ActiveCfg = Release|Any CPU
		{ED337150-D0FF-4EA0-840C-0FBF2B95F99C}.Release|Any CPU.Build.0 = Release|Any CPU
		{D7D9AD0B-CF6E-4034-926F-B54DCD4B89ED}.Debug|Any CPU.ActiveCfg = Debug|Any CPU
		{D7D9AD0B-CF6E-4034-926F-B54DCD4B89ED}.Debug|Any CPU.Build.0 = Debug|Any CPU
		{D7D9AD0B-CF6E-4034-926F-B54DCD4B89ED}.Release|Any CPU.ActiveCfg = Release|Any CPU
		{D7D9AD0B-CF6E-4034-926F-B54DCD4B89ED}.Release|Any CPU.Build.0 = Release|Any CPU
	EndGlobalSection
	GlobalSection(SolutionProperties) = preSolution
		HideSolutionNode = FALSE
	EndGlobalSection
	GlobalSection(ExtensibilityGlobals) = postSolution
		SolutionGuid = {3059BD24-A5DC-4128-8A83-480DFC3440AD}
	EndGlobalSection
EndGlobal
